// !$*UTF8*$!
{
	archiveVersion = 1;
	classes = {
	};
	objectVersion = 48;
	objects = {

/* Begin PBXBuildFile section */
		2A87B8DF201477B6009A3023 /* userData.swift in Sources */ = {isa = PBXBuildFile; fileRef = 2A87B8DE201477B6009A3023 /* userData.swift */; };
		2A87B8E320147995009A3023 /* ViewControllerSignUp.swift in Sources */ = {isa = PBXBuildFile; fileRef = 2A87B8E220147995009A3023 /* ViewControllerSignUp.swift */; };
		2A87B8E5201479E0009A3023 /* ViewControllerLogin.swift in Sources */ = {isa = PBXBuildFile; fileRef = 2A87B8E4201479E0009A3023 /* ViewControllerLogin.swift */; };
		2A87B8E720147B8F009A3023 /* ViewControllerQ1.swift in Sources */ = {isa = PBXBuildFile; fileRef = 2A87B8E620147B8F009A3023 /* ViewControllerQ1.swift */; };
		2A87B8E920147B99009A3023 /* ViewControllerQ2.swift in Sources */ = {isa = PBXBuildFile; fileRef = 2A87B8E820147B99009A3023 /* ViewControllerQ2.swift */; };
		2A87B8EB20147BA2009A3023 /* ViewControllerQ3.swift in Sources */ = {isa = PBXBuildFile; fileRef = 2A87B8EA20147BA2009A3023 /* ViewControllerQ3.swift */; };
		2A87B8ED20147BC1009A3023 /* ViewControllerQ4.swift in Sources */ = {isa = PBXBuildFile; fileRef = 2A87B8EC20147BC1009A3023 /* ViewControllerQ4.swift */; };
		2A87B8EF20147BC9009A3023 /* ViewControllerPhoto.swift in Sources */ = {isa = PBXBuildFile; fileRef = 2A87B8EE20147BC9009A3023 /* ViewControllerPhoto.swift */; };
		2A87B8F120147C4D009A3023 /* ViewControllerHome.swift in Sources */ = {isa = PBXBuildFile; fileRef = 2A87B8F020147C4D009A3023 /* ViewControllerHome.swift */; };
		2A87B8F320147C58009A3023 /* ViewControllerMessage.swift in Sources */ = {isa = PBXBuildFile; fileRef = 2A87B8F220147C58009A3023 /* ViewControllerMessage.swift */; };
		2A87B8F520147C61009A3023 /* ViewControllerProfile.swift in Sources */ = {isa = PBXBuildFile; fileRef = 2A87B8F420147C61009A3023 /* ViewControllerProfile.swift */; };
		2A87B8F720149DE8009A3023 /* ViewControllerTransition.swift in Sources */ = {isa = PBXBuildFile; fileRef = 2A87B8F620149DE8009A3023 /* ViewControllerTransition.swift */; };
		2AF71F782014C2C6009C15EC /* ViewControllerQ5.swift in Sources */ = {isa = PBXBuildFile; fileRef = 2AF71F772014C2C6009C15EC /* ViewControllerQ5.swift */; };
		33D32441377DB7C4C34E98CB /* Pods_FitMate.framework in Frameworks */ = {isa = PBXBuildFile; fileRef = 773EC027DE86B7B329FED420 /* Pods_FitMate.framework */; };
		6320E9532015035A005CA482 /* CoreLocation.framework in Frameworks */ = {isa = PBXBuildFile; fileRef = 6320E95220150350005CA482 /* CoreLocation.framework */; };
		7C17F6922014DDF200C17BA5 /* GoogleService-Info.plist in Resources */ = {isa = PBXBuildFile; fileRef = 7C17F6912014DDF100C17BA5 /* GoogleService-Info.plist */; };
		7C17F6942014E71900C17BA5 /* Message.swift in Sources */ = {isa = PBXBuildFile; fileRef = 7C17F6932014E71900C17BA5 /* Message.swift */; };
		7C17F6972014E82A00C17BA5 /* MessageCell.xib in Resources */ = {isa = PBXBuildFile; fileRef = 7C17F6962014E82A00C17BA5 /* MessageCell.xib */; };
		7C17F6992014E83800C17BA5 /* CustomMessageCell.swift in Sources */ = {isa = PBXBuildFile; fileRef = 7C17F6982014E83800C17BA5 /* CustomMessageCell.swift */; };
		7C17F69C2015203800C17BA5 /* profileimage.jpg in Resources */ = {isa = PBXBuildFile; fileRef = 7C17F69A2015203800C17BA5 /* profileimage.jpg */; };
		7C17F69D2015203800C17BA5 /* HomePage.jpg in Resources */ = {isa = PBXBuildFile; fileRef = 7C17F69B2015203800C17BA5 /* HomePage.jpg */; };
		7C3BDF042013E0D300AC8CDB /* AppDelegate.swift in Sources */ = {isa = PBXBuildFile; fileRef = 7C3BDF032013E0D300AC8CDB /* AppDelegate.swift */; };
		7C3BDF062013E0D300AC8CDB /* ViewController.swift in Sources */ = {isa = PBXBuildFile; fileRef = 7C3BDF052013E0D300AC8CDB /* ViewController.swift */; };
		7C3BDF092013E0D300AC8CDB /* Main.storyboard in Resources */ = {isa = PBXBuildFile; fileRef = 7C3BDF072013E0D300AC8CDB /* Main.storyboard */; };
		7C3BDF0B2013E0D300AC8CDB /* Assets.xcassets in Resources */ = {isa = PBXBuildFile; fileRef = 7C3BDF0A2013E0D300AC8CDB /* Assets.xcassets */; };
		7C3BDF0E2013E0D300AC8CDB /* LaunchScreen.storyboard in Resources */ = {isa = PBXBuildFile; fileRef = 7C3BDF0C2013E0D300AC8CDB /* LaunchScreen.storyboard */; };
/* End PBXBuildFile section */

/* Begin PBXFileReference section */
		2A87B8DE201477B6009A3023 /* userData.swift */ = {isa = PBXFileReference; lastKnownFileType = sourcecode.swift; path = userData.swift; sourceTree = "<group>"; };
		2A87B8E220147995009A3023 /* ViewControllerSignUp.swift */ = {isa = PBXFileReference; lastKnownFileType = sourcecode.swift; path = ViewControllerSignUp.swift; sourceTree = "<group>"; };
		2A87B8E4201479E0009A3023 /* ViewControllerLogin.swift */ = {isa = PBXFileReference; lastKnownFileType = sourcecode.swift; path = ViewControllerLogin.swift; sourceTree = "<group>"; };
		2A87B8E620147B8F009A3023 /* ViewControllerQ1.swift */ = {isa = PBXFileReference; lastKnownFileType = sourcecode.swift; path = ViewControllerQ1.swift; sourceTree = "<group>"; };
		2A87B8E820147B99009A3023 /* ViewControllerQ2.swift */ = {isa = PBXFileReference; lastKnownFileType = sourcecode.swift; path = ViewControllerQ2.swift; sourceTree = "<group>"; };
		2A87B8EA20147BA2009A3023 /* ViewControllerQ3.swift */ = {isa = PBXFileReference; lastKnownFileType = sourcecode.swift; path = ViewControllerQ3.swift; sourceTree = "<group>"; };
		2A87B8EC20147BC1009A3023 /* ViewControllerQ4.swift */ = {isa = PBXFileReference; lastKnownFileType = sourcecode.swift; path = ViewControllerQ4.swift; sourceTree = "<group>"; };
		2A87B8EE20147BC9009A3023 /* ViewControllerPhoto.swift */ = {isa = PBXFileReference; lastKnownFileType = sourcecode.swift; path = ViewControllerPhoto.swift; sourceTree = "<group>"; };
		2A87B8F020147C4D009A3023 /* ViewControllerHome.swift */ = {isa = PBXFileReference; lastKnownFileType = sourcecode.swift; path = ViewControllerHome.swift; sourceTree = "<group>"; };
		2A87B8F220147C58009A3023 /* ViewControllerMessage.swift */ = {isa = PBXFileReference; lastKnownFileType = sourcecode.swift; path = ViewControllerMessage.swift; sourceTree = "<group>"; };
		2A87B8F420147C61009A3023 /* ViewControllerProfile.swift */ = {isa = PBXFileReference; lastKnownFileType = sourcecode.swift; path = ViewControllerProfile.swift; sourceTree = "<group>"; };
		2A87B8F620149DE8009A3023 /* ViewControllerTransition.swift */ = {isa = PBXFileReference; lastKnownFileType = sourcecode.swift; path = ViewControllerTransition.swift; sourceTree = "<group>"; };
		2AF71F772014C2C6009C15EC /* ViewControllerQ5.swift */ = {isa = PBXFileReference; lastKnownFileType = sourcecode.swift; path = ViewControllerQ5.swift; sourceTree = "<group>"; };
		6320E95220150350005CA482 /* CoreLocation.framework */ = {isa = PBXFileReference; lastKnownFileType = wrapper.framework; name = CoreLocation.framework; path = System/Library/Frameworks/CoreLocation.framework; sourceTree = SDKROOT; };
		660553E7A16F730C6A483CF8 /* Pods-FitMate.release.xcconfig */ = {isa = PBXFileReference; includeInIndex = 1; lastKnownFileType = text.xcconfig; name = "Pods-FitMate.release.xcconfig"; path = "Pods/Target Support Files/Pods-FitMate/Pods-FitMate.release.xcconfig"; sourceTree = "<group>"; };
		6DB55117375DDBC818BD2415 /* Pods-FitMate.debug.xcconfig */ = {isa = PBXFileReference; includeInIndex = 1; lastKnownFileType = text.xcconfig; name = "Pods-FitMate.debug.xcconfig"; path = "Pods/Target Support Files/Pods-FitMate/Pods-FitMate.debug.xcconfig"; sourceTree = "<group>"; };
		773EC027DE86B7B329FED420 /* Pods_FitMate.framework */ = {isa = PBXFileReference; explicitFileType = wrapper.framework; includeInIndex = 0; path = Pods_FitMate.framework; sourceTree = BUILT_PRODUCTS_DIR; };
		7C17F6912014DDF100C17BA5 /* GoogleService-Info.plist */ = {isa = PBXFileReference; fileEncoding = 4; lastKnownFileType = text.plist.xml; path = "GoogleService-Info.plist"; sourceTree = "<group>"; };
		7C17F6932014E71900C17BA5 /* Message.swift */ = {isa = PBXFileReference; lastKnownFileType = sourcecode.swift; path = Message.swift; sourceTree = "<group>"; };
		7C17F6962014E82A00C17BA5 /* MessageCell.xib */ = {isa = PBXFileReference; fileEncoding = 4; lastKnownFileType = file.xib; path = MessageCell.xib; sourceTree = "<group>"; };
		7C17F6982014E83800C17BA5 /* CustomMessageCell.swift */ = {isa = PBXFileReference; fileEncoding = 4; lastKnownFileType = sourcecode.swift; path = CustomMessageCell.swift; sourceTree = "<group>"; };
		7C17F69A2015203800C17BA5 /* profileimage.jpg */ = {isa = PBXFileReference; lastKnownFileType = image.jpeg; path = profileimage.jpg; sourceTree = "<group>"; };
		7C17F69B2015203800C17BA5 /* HomePage.jpg */ = {isa = PBXFileReference; lastKnownFileType = image.jpeg; path = HomePage.jpg; sourceTree = "<group>"; };
		7C3BDF002013E0D300AC8CDB /* FitMate.app */ = {isa = PBXFileReference; explicitFileType = wrapper.application; includeInIndex = 0; path = FitMate.app; sourceTree = BUILT_PRODUCTS_DIR; };
		7C3BDF032013E0D300AC8CDB /* AppDelegate.swift */ = {isa = PBXFileReference; lastKnownFileType = sourcecode.swift; path = AppDelegate.swift; sourceTree = "<group>"; };
		7C3BDF052013E0D300AC8CDB /* ViewController.swift */ = {isa = PBXFileReference; lastKnownFileType = sourcecode.swift; path = ViewController.swift; sourceTree = "<group>"; };
		7C3BDF082013E0D300AC8CDB /* Base */ = {isa = PBXFileReference; lastKnownFileType = file.storyboard; name = Base; path = Base.lproj/Main.storyboard; sourceTree = "<group>"; };
		7C3BDF0A2013E0D300AC8CDB /* Assets.xcassets */ = {isa = PBXFileReference; lastKnownFileType = folder.assetcatalog; path = Assets.xcassets; sourceTree = "<group>"; };
		7C3BDF0D2013E0D300AC8CDB /* Base */ = {isa = PBXFileReference; lastKnownFileType = file.storyboard; name = Base; path = Base.lproj/LaunchScreen.storyboard; sourceTree = "<group>"; };
		7C3BDF0F2013E0D300AC8CDB /* Info.plist */ = {isa = PBXFileReference; lastKnownFileType = text.plist.xml; path = Info.plist; sourceTree = "<group>"; };
/* End PBXFileReference section */

/* Begin PBXFrameworksBuildPhase section */
		7C3BDEFD2013E0D300AC8CDB /* Frameworks */ = {
			isa = PBXFrameworksBuildPhase;
			buildActionMask = 2147483647;
			files = (
				6320E9532015035A005CA482 /* CoreLocation.framework in Frameworks */,
				33D32441377DB7C4C34E98CB /* Pods_FitMate.framework in Frameworks */,
			);
			runOnlyForDeploymentPostprocessing = 0;
		};
/* End PBXFrameworksBuildPhase section */

/* Begin PBXGroup section */
		02EC85ECE82EDDD302E45099 /* Frameworks */ = {
			isa = PBXGroup;
			children = (
				6320E95220150350005CA482 /* CoreLocation.framework */,
				773EC027DE86B7B329FED420 /* Pods_FitMate.framework */,
			);
			name = Frameworks;
			sourceTree = "<group>";
		};
		7C17F6952014E7F700C17BA5 /* Custom Cell */ = {
			isa = PBXGroup;
			children = (
				7C17F6982014E83800C17BA5 /* CustomMessageCell.swift */,
				7C17F6962014E82A00C17BA5 /* MessageCell.xib */,
			);
			path = "Custom Cell";
			sourceTree = "<group>";
		};
		7C3BDEF72013E0D300AC8CDB = {
			isa = PBXGroup;
			children = (
				7C3BDF022013E0D300AC8CDB /* FitMate */,
				7C3BDF012013E0D300AC8CDB /* Products */,
				A30B00A4208C0B4186425BD5 /* Pods */,
				02EC85ECE82EDDD302E45099 /* Frameworks */,
			);
			sourceTree = "<group>";
		};
		7C3BDF012013E0D300AC8CDB /* Products */ = {
			isa = PBXGroup;
			children = (
				7C3BDF002013E0D300AC8CDB /* FitMate.app */,
			);
			name = Products;
			sourceTree = "<group>";
		};
		7C3BDF022013E0D300AC8CDB /* FitMate */ = {
			isa = PBXGroup;
			children = (
				7C3BDF172014196800AC8CDB /* Model */,
				7C3BDF182014197200AC8CDB /* View */,
				7C17F6952014E7F700C17BA5 /* Custom Cell */,
				7C3BDF192014197600AC8CDB /* Controller */,
				7C3BDF0A2013E0D300AC8CDB /* Assets.xcassets */,
				7C17F69B2015203800C17BA5 /* HomePage.jpg */,
				7C17F69A2015203800C17BA5 /* profileimage.jpg */,
				7C3BDF1B201419F200AC8CDB /* Supporting Files */,
			);
			path = FitMate;
			sourceTree = "<group>";
		};
		7C3BDF172014196800AC8CDB /* Model */ = {
			isa = PBXGroup;
			children = (
				2A87B8DE201477B6009A3023 /* userData.swift */,
				7C17F6932014E71900C17BA5 /* Message.swift */,
			);
			path = Model;
			sourceTree = "<group>";
		};
		7C3BDF182014197200AC8CDB /* View */ = {
			isa = PBXGroup;
			children = (
				7C3BDF072013E0D300AC8CDB /* Main.storyboard */,
				7C3BDF0C2013E0D300AC8CDB /* LaunchScreen.storyboard */,
			);
			path = View;
			sourceTree = "<group>";
		};
		7C3BDF192014197600AC8CDB /* Controller */ = {
			isa = PBXGroup;
			children = (
				7C3BDF052013E0D300AC8CDB /* ViewController.swift */,
				7C3BDF032013E0D300AC8CDB /* AppDelegate.swift */,
				2A87B8E220147995009A3023 /* ViewControllerSignUp.swift */,
				2A87B8E4201479E0009A3023 /* ViewControllerLogin.swift */,
				2A87B8E620147B8F009A3023 /* ViewControllerQ1.swift */,
				2A87B8E820147B99009A3023 /* ViewControllerQ2.swift */,
				2A87B8EA20147BA2009A3023 /* ViewControllerQ3.swift */,
				2A87B8EC20147BC1009A3023 /* ViewControllerQ4.swift */,
				2A87B8EE20147BC9009A3023 /* ViewControllerPhoto.swift */,
				2A87B8F020147C4D009A3023 /* ViewControllerHome.swift */,
				2A87B8F220147C58009A3023 /* ViewControllerMessage.swift */,
				2A87B8F420147C61009A3023 /* ViewControllerProfile.swift */,
				2A87B8F620149DE8009A3023 /* ViewControllerTransition.swift */,
				2AF71F772014C2C6009C15EC /* ViewControllerQ5.swift */,
			);
			path = Controller;
			sourceTree = "<group>";
		};
		7C3BDF1B201419F200AC8CDB /* Supporting Files */ = {
			isa = PBXGroup;
			children = (
				7C3BDF0F2013E0D300AC8CDB /* Info.plist */,
				7C17F6912014DDF100C17BA5 /* GoogleService-Info.plist */,
			);
			path = "Supporting Files";
			sourceTree = "<group>";
		};
		A30B00A4208C0B4186425BD5 /* Pods */ = {
			isa = PBXGroup;
			children = (
				6DB55117375DDBC818BD2415 /* Pods-FitMate.debug.xcconfig */,
				660553E7A16F730C6A483CF8 /* Pods-FitMate.release.xcconfig */,
			);
			name = Pods;
			sourceTree = "<group>";
		};
/* End PBXGroup section */

/* Begin PBXNativeTarget section */
		7C3BDEFF2013E0D300AC8CDB /* FitMate */ = {
			isa = PBXNativeTarget;
			buildConfigurationList = 7C3BDF122013E0D300AC8CDB /* Build configuration list for PBXNativeTarget "FitMate" */;
			buildPhases = (
				A1D0BE9D766166EE024D697A /* [CP] Check Pods Manifest.lock */,
				7C3BDEFC2013E0D300AC8CDB /* Sources */,
				7C3BDEFD2013E0D300AC8CDB /* Frameworks */,
				7C3BDEFE2013E0D300AC8CDB /* Resources */,
				E4E0A401D4AB8F04323CA590 /* [CP] Embed Pods Frameworks */,
				4231D7C8AE964D25652994E5 /* [CP] Copy Pods Resources */,
			);
			buildRules = (
			);
			dependencies = (
			);
			name = FitMate;
			productName = FitMate;
			productReference = 7C3BDF002013E0D300AC8CDB /* FitMate.app */;
			productType = "com.apple.product-type.application";
		};
/* End PBXNativeTarget section */

/* Begin PBXProject section */
		7C3BDEF82013E0D300AC8CDB /* Project object */ = {
			isa = PBXProject;
			attributes = {
				LastSwiftUpdateCheck = 0920;
				LastUpgradeCheck = 0920;
				ORGANIZATIONNAME = "Team Alabama";
				TargetAttributes = {
					7C3BDEFF2013E0D300AC8CDB = {
						CreatedOnToolsVersion = 9.2;
						ProvisioningStyle = Automatic;
					};
				};
			};
			buildConfigurationList = 7C3BDEFB2013E0D300AC8CDB /* Build configuration list for PBXProject "FitMate" */;
			compatibilityVersion = "Xcode 8.0";
			developmentRegion = en;
			hasScannedForEncodings = 0;
			knownRegions = (
				en,
				Base,
			);
			mainGroup = 7C3BDEF72013E0D300AC8CDB;
			productRefGroup = 7C3BDF012013E0D300AC8CDB /* Products */;
			projectDirPath = "";
			projectRoot = "";
			targets = (
				7C3BDEFF2013E0D300AC8CDB /* FitMate */,
			);
		};
/* End PBXProject section */

/* Begin PBXResourcesBuildPhase section */
		7C3BDEFE2013E0D300AC8CDB /* Resources */ = {
			isa = PBXResourcesBuildPhase;
			buildActionMask = 2147483647;
			files = (
				7C17F6972014E82A00C17BA5 /* MessageCell.xib in Resources */,
				7C17F69D2015203800C17BA5 /* HomePage.jpg in Resources */,
				7C3BDF0E2013E0D300AC8CDB /* LaunchScreen.storyboard in Resources */,
				7C17F6922014DDF200C17BA5 /* GoogleService-Info.plist in Resources */,
				7C3BDF0B2013E0D300AC8CDB /* Assets.xcassets in Resources */,
				7C3BDF092013E0D300AC8CDB /* Main.storyboard in Resources */,
				7C17F69C2015203800C17BA5 /* profileimage.jpg in Resources */,
			);
			runOnlyForDeploymentPostprocessing = 0;
		};
/* End PBXResourcesBuildPhase section */

/* Begin PBXShellScriptBuildPhase section */
		4231D7C8AE964D25652994E5 /* [CP] Copy Pods Resources */ = {
			isa = PBXShellScriptBuildPhase;
			buildActionMask = 2147483647;
			files = (
			);
			inputPaths = (
			);
			name = "[CP] Copy Pods Resources";
			outputPaths = (
			);
			runOnlyForDeploymentPostprocessing = 0;
			shellPath = /bin/sh;
			shellScript = "\"${SRCROOT}/Pods/Target Support Files/Pods-FitMate/Pods-FitMate-resources.sh\"\n";
			showEnvVarsInLog = 0;
		};
		A1D0BE9D766166EE024D697A /* [CP] Check Pods Manifest.lock */ = {
			isa = PBXShellScriptBuildPhase;
			buildActionMask = 2147483647;
			files = (
			);
			inputPaths = (
				"${PODS_PODFILE_DIR_PATH}/Podfile.lock",
				"${PODS_ROOT}/Manifest.lock",
			);
			name = "[CP] Check Pods Manifest.lock";
			outputPaths = (
				"$(DERIVED_FILE_DIR)/Pods-FitMate-checkManifestLockResult.txt",
			);
			runOnlyForDeploymentPostprocessing = 0;
			shellPath = /bin/sh;
			shellScript = "diff \"${PODS_PODFILE_DIR_PATH}/Podfile.lock\" \"${PODS_ROOT}/Manifest.lock\" > /dev/null\nif [ $? != 0 ] ; then\n    # print error to STDERR\n    echo \"error: The sandbox is not in sync with the Podfile.lock. Run 'pod install' or update your CocoaPods installation.\" >&2\n    exit 1\nfi\n# This output is used by Xcode 'outputs' to avoid re-running this script phase.\necho \"SUCCESS\" > \"${SCRIPT_OUTPUT_FILE_0}\"\n";
			showEnvVarsInLog = 0;
		};
		E4E0A401D4AB8F04323CA590 /* [CP] Embed Pods Frameworks */ = {
			isa = PBXShellScriptBuildPhase;
			buildActionMask = 2147483647;
			files = (
			);
			inputPaths = (
				"${SRCROOT}/Pods/Target Support Files/Pods-FitMate/Pods-FitMate-frameworks.sh",
				"${BUILT_PRODUCTS_DIR}/GTMSessionFetcher/GTMSessionFetcher.framework",
				"${BUILT_PRODUCTS_DIR}/GoogleToolboxForMac/GoogleToolboxForMac.framework",
				"${BUILT_PRODUCTS_DIR}/leveldb-library/leveldb.framework",
				"${BUILT_PRODUCTS_DIR}/nanopb/nanopb.framework",
			);
			name = "[CP] Embed Pods Frameworks";
			outputPaths = (
				"${TARGET_BUILD_DIR}/${FRAMEWORKS_FOLDER_PATH}/GTMSessionFetcher.framework",
				"${TARGET_BUILD_DIR}/${FRAMEWORKS_FOLDER_PATH}/GoogleToolboxForMac.framework",
				"${TARGET_BUILD_DIR}/${FRAMEWORKS_FOLDER_PATH}/leveldb.framework",
				"${TARGET_BUILD_DIR}/${FRAMEWORKS_FOLDER_PATH}/nanopb.framework",
			);
			runOnlyForDeploymentPostprocessing = 0;
			shellPath = /bin/sh;
			shellScript = "\"${SRCROOT}/Pods/Target Support Files/Pods-FitMate/Pods-FitMate-frameworks.sh\"\n";
			showEnvVarsInLog = 0;
		};
/* End PBXShellScriptBuildPhase section */

/* Begin PBXSourcesBuildPhase section */
		7C3BDEFC2013E0D300AC8CDB /* Sources */ = {
			isa = PBXSourcesBuildPhase;
			buildActionMask = 2147483647;
			files = (
				2A87B8E320147995009A3023 /* ViewControllerSignUp.swift in Sources */,
				2A87B8F320147C58009A3023 /* ViewControllerMessage.swift in Sources */,
				2A87B8E5201479E0009A3023 /* ViewControllerLogin.swift in Sources */,
				2A87B8E920147B99009A3023 /* ViewControllerQ2.swift in Sources */,
				7C3BDF062013E0D300AC8CDB /* ViewController.swift in Sources */,
				2AF71F782014C2C6009C15EC /* ViewControllerQ5.swift in Sources */,
				2A87B8ED20147BC1009A3023 /* ViewControllerQ4.swift in Sources */,
				2A87B8DF201477B6009A3023 /* userData.swift in Sources */,
				2A87B8F120147C4D009A3023 /* ViewControllerHome.swift in Sources */,
				2A87B8EF20147BC9009A3023 /* ViewControllerPhoto.swift in Sources */,
				2A87B8EB20147BA2009A3023 /* ViewControllerQ3.swift in Sources */,
				7C17F6992014E83800C17BA5 /* CustomMessageCell.swift in Sources */,
				7C3BDF042013E0D300AC8CDB /* AppDelegate.swift in Sources */,
				2A87B8F520147C61009A3023 /* ViewControllerProfile.swift in Sources */,
				7C17F6942014E71900C17BA5 /* Message.swift in Sources */,
				2A87B8E720147B8F009A3023 /* ViewControllerQ1.swift in Sources */,
				2A87B8F720149DE8009A3023 /* ViewControllerTransition.swift in Sources */,
			);
			runOnlyForDeploymentPostprocessing = 0;
		};
/* End PBXSourcesBuildPhase section */

/* Begin PBXVariantGroup section */
		7C3BDF072013E0D300AC8CDB /* Main.storyboard */ = {
			isa = PBXVariantGroup;
			children = (
				7C3BDF082013E0D300AC8CDB /* Base */,
			);
			name = Main.storyboard;
			sourceTree = "<group>";
		};
		7C3BDF0C2013E0D300AC8CDB /* LaunchScreen.storyboard */ = {
			isa = PBXVariantGroup;
			children = (
				7C3BDF0D2013E0D300AC8CDB /* Base */,
			);
			name = LaunchScreen.storyboard;
			sourceTree = "<group>";
		};
/* End PBXVariantGroup section */

/* Begin XCBuildConfiguration section */
		7C3BDF102013E0D300AC8CDB /* Debug */ = {
			isa = XCBuildConfiguration;
			buildSettings = {
				ALWAYS_SEARCH_USER_PATHS = NO;
				CLANG_ANALYZER_NONNULL = YES;
				CLANG_ANALYZER_NUMBER_OBJECT_CONVERSION = YES_AGGRESSIVE;
				CLANG_CXX_LANGUAGE_STANDARD = "gnu++14";
				CLANG_CXX_LIBRARY = "libc++";
				CLANG_ENABLE_MODULES = YES;
				CLANG_ENABLE_OBJC_ARC = YES;
				CLANG_WARN_BLOCK_CAPTURE_AUTORELEASING = YES;
				CLANG_WARN_BOOL_CONVERSION = YES;
				CLANG_WARN_COMMA = YES;
				CLANG_WARN_CONSTANT_CONVERSION = YES;
				CLANG_WARN_DIRECT_OBJC_ISA_USAGE = YES_ERROR;
				CLANG_WARN_DOCUMENTATION_COMMENTS = YES;
				CLANG_WARN_EMPTY_BODY = YES;
				CLANG_WARN_ENUM_CONVERSION = YES;
				CLANG_WARN_INFINITE_RECURSION = YES;
				CLANG_WARN_INT_CONVERSION = YES;
				CLANG_WARN_NON_LITERAL_NULL_CONVERSION = YES;
				CLANG_WARN_OBJC_LITERAL_CONVERSION = YES;
				CLANG_WARN_OBJC_ROOT_CLASS = YES_ERROR;
				CLANG_WARN_RANGE_LOOP_ANALYSIS = YES;
				CLANG_WARN_STRICT_PROTOTYPES = YES;
				CLANG_WARN_SUSPICIOUS_MOVE = YES;
				CLANG_WARN_UNGUARDED_AVAILABILITY = YES_AGGRESSIVE;
				CLANG_WARN_UNREACHABLE_CODE = YES;
				CLANG_WARN__DUPLICATE_METHOD_MATCH = YES;
				CODE_SIGN_IDENTITY = "iPhone Developer";
				COPY_PHASE_STRIP = NO;
				DEBUG_INFORMATION_FORMAT = dwarf;
				ENABLE_STRICT_OBJC_MSGSEND = YES;
				ENABLE_TESTABILITY = YES;
				GCC_C_LANGUAGE_STANDARD = gnu11;
				GCC_DYNAMIC_NO_PIC = NO;
				GCC_NO_COMMON_BLOCKS = YES;
				GCC_OPTIMIZATION_LEVEL = 0;
				GCC_PREPROCESSOR_DEFINITIONS = (
					"DEBUG=1",
					"$(inherited)",
				);
				GCC_WARN_64_TO_32_BIT_CONVERSION = YES;
				GCC_WARN_ABOUT_RETURN_TYPE = YES_ERROR;
				GCC_WARN_UNDECLARED_SELECTOR = YES;
				GCC_WARN_UNINITIALIZED_AUTOS = YES_AGGRESSIVE;
				GCC_WARN_UNUSED_FUNCTION = YES;
				GCC_WARN_UNUSED_VARIABLE = YES;
				IPHONEOS_DEPLOYMENT_TARGET = 11.2;
				MTL_ENABLE_DEBUG_INFO = YES;
				ONLY_ACTIVE_ARCH = YES;
				SDKROOT = iphoneos;
				SWIFT_ACTIVE_COMPILATION_CONDITIONS = DEBUG;
				SWIFT_OPTIMIZATION_LEVEL = "-Onone";
			};
			name = Debug;
		};
		7C3BDF112013E0D300AC8CDB /* Release */ = {
			isa = XCBuildConfiguration;
			buildSettings = {
				ALWAYS_SEARCH_USER_PATHS = NO;
				CLANG_ANALYZER_NONNULL = YES;
				CLANG_ANALYZER_NUMBER_OBJECT_CONVERSION = YES_AGGRESSIVE;
				CLANG_CXX_LANGUAGE_STANDARD = "gnu++14";
				CLANG_CXX_LIBRARY = "libc++";
				CLANG_ENABLE_MODULES = YES;
				CLANG_ENABLE_OBJC_ARC = YES;
				CLANG_WARN_BLOCK_CAPTURE_AUTORELEASING = YES;
				CLANG_WARN_BOOL_CONVERSION = YES;
				CLANG_WARN_COMMA = YES;
				CLANG_WARN_CONSTANT_CONVERSION = YES;
				CLANG_WARN_DIRECT_OBJC_ISA_USAGE = YES_ERROR;
				CLANG_WARN_DOCUMENTATION_COMMENTS = YES;
				CLANG_WARN_EMPTY_BODY = YES;
				CLANG_WARN_ENUM_CONVERSION = YES;
				CLANG_WARN_INFINITE_RECURSION = YES;
				CLANG_WARN_INT_CONVERSION = YES;
				CLANG_WARN_NON_LITERAL_NULL_CONVERSION = YES;
				CLANG_WARN_OBJC_LITERAL_CONVERSION = YES;
				CLANG_WARN_OBJC_ROOT_CLASS = YES_ERROR;
				CLANG_WARN_RANGE_LOOP_ANALYSIS = YES;
				CLANG_WARN_STRICT_PROTOTYPES = YES;
				CLANG_WARN_SUSPICIOUS_MOVE = YES;
				CLANG_WARN_UNGUARDED_AVAILABILITY = YES_AGGRESSIVE;
				CLANG_WARN_UNREACHABLE_CODE = YES;
				CLANG_WARN__DUPLICATE_METHOD_MATCH = YES;
				CODE_SIGN_IDENTITY = "iPhone Developer";
				COPY_PHASE_STRIP = NO;
				DEBUG_INFORMATION_FORMAT = "dwarf-with-dsym";
				ENABLE_NS_ASSERTIONS = NO;
				ENABLE_STRICT_OBJC_MSGSEND = YES;
				GCC_C_LANGUAGE_STANDARD = gnu11;
				GCC_NO_COMMON_BLOCKS = YES;
				GCC_WARN_64_TO_32_BIT_CONVERSION = YES;
				GCC_WARN_ABOUT_RETURN_TYPE = YES_ERROR;
				GCC_WARN_UNDECLARED_SELECTOR = YES;
				GCC_WARN_UNINITIALIZED_AUTOS = YES_AGGRESSIVE;
				GCC_WARN_UNUSED_FUNCTION = YES;
				GCC_WARN_UNUSED_VARIABLE = YES;
				IPHONEOS_DEPLOYMENT_TARGET = 11.2;
				MTL_ENABLE_DEBUG_INFO = NO;
				SDKROOT = iphoneos;
				SWIFT_OPTIMIZATION_LEVEL = "-Owholemodule";
				VALIDATE_PRODUCT = YES;
			};
			name = Release;
		};
		7C3BDF132013E0D300AC8CDB /* Debug */ = {
			isa = XCBuildConfiguration;
			baseConfigurationReference = 6DB55117375DDBC818BD2415 /* Pods-FitMate.debug.xcconfig */;
			buildSettings = {
				ASSETCATALOG_COMPILER_APPICON_NAME = AppIcon;
				CODE_SIGN_STYLE = Automatic;
				DEVELOPMENT_TEAM = AMM5M7J782;
				INFOPLIST_FILE = "$(SRCROOT)/FitMate/Supporting Files/Info.plist";
				IPHONEOS_DEPLOYMENT_TARGET = 11.1;
				LD_RUNPATH_SEARCH_PATHS = "$(inherited) @executable_path/Frameworks";
				PRODUCT_BUNDLE_IDENTIFIER = com.TeamAlabama.FitMate;
				PRODUCT_NAME = "$(TARGET_NAME)";
				SWIFT_VERSION = 4.0;
				TARGETED_DEVICE_FAMILY = "1,2";
			};
			name = Debug;
		};
		7C3BDF142013E0D300AC8CDB /* Release */ = {
			isa = XCBuildConfiguration;
			baseConfigurationReference = 660553E7A16F730C6A483CF8 /* Pods-FitMate.release.xcconfig */;
			buildSettings = {
				ASSETCATALOG_COMPILER_APPICON_NAME = AppIcon;
				CODE_SIGN_STYLE = Automatic;
				DEVELOPMENT_TEAM = AMM5M7J782;
				INFOPLIST_FILE = "$(SRCROOT)/FitMate/Supporting Files/Info.plist";
				IPHONEOS_DEPLOYMENT_TARGET = 11.1;
				LD_RUNPATH_SEARCH_PATHS = "$(inherited) @executable_path/Frameworks";
				PRODUCT_BUNDLE_IDENTIFIER = com.TeamAlabama.FitMate;
				PRODUCT_NAME = "$(TARGET_NAME)";
				SWIFT_VERSION = 4.0;
				TARGETED_DEVICE_FAMILY = "1,2";
			};
			name = Release;
		};
/* End XCBuildConfiguration section */

/* Begin XCConfigurationList section */
		7C3BDEFB2013E0D300AC8CDB /* Build configuration list for PBXProject "FitMate" */ = {
			isa = XCConfigurationList;
			buildConfigurations = (
				7C3BDF102013E0D300AC8CDB /* Debug */,
				7C3BDF112013E0D300AC8CDB /* Release */,
			);
			defaultConfigurationIsVisible = 0;
			defaultConfigurationName = Release;
		};
		7C3BDF122013E0D300AC8CDB /* Build configuration list for PBXNativeTarget "FitMate" */ = {
			isa = XCConfigurationList;
			buildConfigurations = (
				7C3BDF132013E0D300AC8CDB /* Debug */,
				7C3BDF142013E0D300AC8CDB /* Release */,
			);
			defaultConfigurationIsVisible = 0;
			defaultConfigurationName = Release;
		};
/* End XCConfigurationList section */
	};
	rootObject = 7C3BDEF82013E0D300AC8CDB /* Project object */;
}
